
Microsoft Visual Studio Solution File, Format Version 12.00
# Visual Studio 2013
VisualStudioVersion = 12.0.21005.1
MinimumVisualStudioVersion = 10.0.40219.1
Project("{8BC9CEB8-8B4A-11D0-8D11-00A0C91BC942}") = "xqqyuv", "xqqyuv\xqqyuv.vcxproj", "{A1AC1BA0-B3E8-4F81-9F00-69DAF37D40A7}"
EndProject
Project("{8BC9CEB8-8B4A-11D0-8D11-00A0C91BC942}") = "xqqyuv_player", "xqqyuv_player\xqqyuv_player.vcxproj", "{2295D805-9BCE-467E-A64A-C8059BADB114}"
	ProjectSection(ProjectDependencies) = postProject
		{A1AC1BA0-B3E8-4F81-9F00-69DAF37D40A7} = {A1AC1BA0-B3E8-4F81-9F00-69DAF37D40A7}
	EndProjectSection
EndProject
Global
	GlobalSection(SolutionConfigurationPlatforms) = preSolution
		Debug|Win32 = Debug|Win32
		Release|Win32 = Release|Win32
	EndGlobalSection
	GlobalSection(ProjectConfigurationPlatforms) = postSolution
		{A1AC1BA0-B3E8-4F81-9F00-69DAF37D40A7}.Debug|Win32.ActiveCfg = Debug|Win32
		{A1AC1BA0-B3E8-4F81-9F00-69DAF37D40A7}.Debug|Win32.Build.0 = Debug|Win32
		{A1AC1BA0-B3E8-4F81-9F00-69DAF37D40A7}.Release|Win32.ActiveCfg = Release|Win32
		{A1AC1BA0-B3E8-4F81-9F00-69DAF37D40A7}.Release|Win32.Build.0 = Release|Win32
		{2295D805-9BCE-467E-A64A-C8059BADB114}.Debug|Win32.ActiveCfg = Debug|Win32
		{2295D805-9BCE-467E-A64A-C8059BADB114}.Debug|Win32.Build.0 = Debug|Win32
		{2295D805-9BCE-467E-A64A-C8059BADB114}.Release|Win32.ActiveCfg = Release|Win32
		{2295D805-9BCE-467E-A64A-C8059BADB114}.Release|Win32.Build.0 = Release|Win32
	EndGlobalSection
	GlobalSection(SolutionProperties) = preSolution
		HideSolutionNode = FALSE
	EndGlobalSection
EndGlobal
